lockfileVersion: '6.0'

settings:
  autoInstallPeers: true
  excludeLinksFromLockfile: false

devDependencies:
  '@types/node':
    specifier: ^20.8.7
    version: 20.11.15

packages:

  /@types/node@20.11.15:
    resolution: {integrity: sha512-gscmuADZfvNULx1eyirVbr3kVOVZtpQtzKMCZpeSZcN6MfbkRXAR4s9/gsQ4CzxLHw6EStDtKLNtSDL3vbq05A==}
    dependencies:
      undici-types: 5.26.5
    dev: true

  /undici-types@5.26.5:
    resolution: {integrity: sha512-JlCMO+ehdEIKqlFxk6IfVoAUVmgz7cU7zD/h9XZ0qzeosSHmUJVOzSQvvYSYWXkFXC+IfLKSIffhv0sVZup6pA==}
    dev: true
