lockfileVersion: '6.0'

settings:
  autoInstallPeers: true
  excludeLinksFromLockfile: false

devDependencies:
  '@rescript/core':
    specifier: ^0.7.0
    version: 0.7.0(rescript@11.0.1)
  rescript:
    specifier: ^11.0.1
    version: 11.0.1

packages:

  /@rescript/core@0.7.0(rescript@11.0.1):
    resolution: {integrity: sha512-5arTnw1EVPvssqq4v+XHkigROoWXYm/3pD+ZyOSeJgnbzMccRibGWb4L6Ss3QBoEkpuCodX06RnLx8Vqa3kECQ==}
    peerDependencies:
      rescript: ^10.1.0 || ^11.0.0
    dependencies:
      rescript: 11.0.1
    dev: true

  /rescript@11.0.1:
    resolution: {integrity: sha512-7T4PRp/d0+CBNnY6PYKffFqo9tGZlvnZpboF/n+8SKS+JZ6VvXJO7W538VPZXf3EYx1COGAWWvkF9e/HgSAqHg==}
    engines: {node: '>=10'}
    hasBin: true
    requiresBuild: true
    dev: true
