lockfileVersion: '6.0'

settings:
  autoInstallPeers: true
  excludeLinksFromLockfile: false

dependencies:
  '@albertdahlin/elm-posix':
    specifier: ^1.1.0
    version: 1.1.0

packages:

  /@albertdahlin/elm-posix@1.1.0:
    resolution: {integrity: sha512-0TSLMNKINUllT7FSlwrhhdBwMe7CUfnLknBo8F7DQlJ7ET/RSoNpyZzy+S3OLgELkszWvxHSic0aPN/XrbzP5w==}
    hasBin: true
    dev: false
